<?xml version="1.0" encoding="utf-8"?>
<Project ToolsVersion="4.0" xmlns="http://schemas.microsoft.com/developer/msbuild/2003">
  <ItemGroup>
    <Filter Include="소스 파일">
      <UniqueIdentifier>{4FC737F1-C7A5-4376-A066-2A32D752A2FF}</UniqueIdentifier>
      <Extensions>cpp;c;cc;cxx;c++;cppm;ixx;def;odl;idl;hpj;bat;asm;asmx</Extensions>
    </Filter>
    <Filter Include="헤더 파일">
      <UniqueIdentifier>{93995380-89BD-4b04-88EB-625FBE52EBFB}</UniqueIdentifier>
      <Extensions>h;hh;hpp;hxx;h++;hm;inl;inc;ipp;xsd</Extensions>
    </Filter>
    <Filter Include="EntryPoint">
      <UniqueIdentifier>{e3cfd7e6-2850-4ec5-9370-61edc6c140a1}</UniqueIdentifier>
    </Filter>
    <Filter Include="Circle">
      <UniqueIdentifier>{036d08d0-37d5-4834-827d-a7c71d46491e}</UniqueIdentifier>
    </Filter>
  </ItemGroup>
  <ItemGroup>
    <ClCompile Include="Screen.c">
      <Filter>소스 파일</Filter>
    </ClCompile>
    <ClCompile Include="Title.c">
      <Filter>소스 파일</Filter>
    </ClCompile>
    <ClCompile Include="main.c">
      <Filter>EntryPoint</Filter>
    </ClCompile>
    <ClCompile Include="Circle.c">
      <Filter>Circle</Filter>
    </ClCompile>
    <ClCompile Include="Cube.c">
      <Filter>Circle</Filter>
    </ClCompile>
    <ClCompile Include="Mathematics.c">
      <Filter>Circle</Filter>
    </ClCompile>
    <ClCompile Include="SceneManager.c">
      <Filter>소스 파일</Filter>
    </ClCompile>
    <ClCompile Include="EulerRotate.c">
      <Filter>소스 파일</Filter>
    </ClCompile>
    <ClCompile Include="LastMission.cpp">
      <Filter>소스 파일</Filter>
    </ClCompile>
    <ClCompile Include="3DCube.c">
      <Filter>소스 파일</Filter>
    </ClCompile>
  </ItemGroup>
  <ItemGroup>
    <ClInclude Include="Screen.h">
      <Filter>헤더 파일</Filter>
    </ClInclude>
    <ClInclude Include="Title.h">
      <Filter>헤더 파일</Filter>
    </ClInclude>
    <ClInclude Include="Circle.h">
      <Filter>Circle</Filter>
    </ClInclude>
    <ClInclude Include="Cube.h">
      <Filter>Circle</Filter>
    </ClInclude>
    <ClInclude Include="Mathematics.h">
      <Filter>Circle</Filter>
    </ClInclude>
    <ClInclude Include="eulerRotate.h">
      <Filter>소스 파일</Filter>
    </ClInclude>
    <ClInclude Include="3DCube.h">
      <Filter>헤더 파일</Filter>
    </ClInclude>
  </ItemGroup>
  <ItemGroup>
    <None Include="SceneManager.h">
      <Filter>헤더 파일</Filter>
    </None>
  </ItemGroup>
</Project>